<?xml version="1.0" encoding="utf-8"?>
<Project ToolsVersion="4.0" xmlns="http://schemas.microsoft.com/developer/msbuild/2003">
  <ItemGroup>
    <Filter Include="ソースファイル">
      <UniqueIdentifier>{d789b828-2fa0-4225-81b3-3d0e33699211}</UniqueIdentifier>
    </Filter>
    <Filter Include="ソースファイル\Scene">
      <UniqueIdentifier>{b865fafe-37d9-4dc2-a7dd-8be2652c23f2}</UniqueIdentifier>
    </Filter>
    <Filter Include="ソースファイル\System">
      <UniqueIdentifier>{056ff473-d339-4331-9489-ea75095c953e}</UniqueIdentifier>
    </Filter>
    <Filter Include="ソースファイル\Player">
      <UniqueIdentifier>{4FC737F1-C7A5-4376-A066-2A32D752A2FF}</UniqueIdentifier>
      <Extensions>cpp;c;cc;cxx;c++;cppm;ixx;def;odl;idl;hpj;bat;asm;asmx</Extensions>
    </Filter>
    <Filter Include="ソースファイル\Meteorite">
      <UniqueIdentifier>{602706be-7843-40be-9f5b-44cfb61ba16a}</UniqueIdentifier>
    </Filter>
    <Filter Include="ソースファイル\ObjectBase">
      <UniqueIdentifier>{a05ef2fa-2c99-4700-839c-c8885d667aaa}</UniqueIdentifier>
    </Filter>
    <Filter Include="ソースファイル\Effect">
      <UniqueIdentifier>{bef52072-5951-4788-9349-0c7a8d0d42b0}</UniqueIdentifier>
    </Filter>
    <Filter Include="ソースファイル\UI">
      <UniqueIdentifier>{5593caca-20fe-4044-8759-794cea8e4ddd}</UniqueIdentifier>
    </Filter>
    <Filter Include="ソースファイル\Collision">
      <UniqueIdentifier>{4e2d48d0-8836-43bf-b368-e2c1241561f7}</UniqueIdentifier>
    </Filter>
    <Filter Include="ソースファイル\Field">
      <UniqueIdentifier>{bc7b1738-f86e-41c3-82f1-14bb604d11f2}</UniqueIdentifier>
    </Filter>
  </ItemGroup>
  <ItemGroup>
    <ClCompile Include="Player.cpp">
      <Filter>ソースファイル\Player</Filter>
    </ClCompile>
    <ClCompile Include="TitleScene.cpp">
      <Filter>ソースファイル\Scene</Filter>
    </ClCompile>
    <ClCompile Include="GameScene.cpp">
      <Filter>ソースファイル\Scene</Filter>
    </ClCompile>
    <ClCompile Include="Math3D.cpp">
      <Filter>ソースファイル\System</Filter>
    </ClCompile>
    <ClCompile Include="PlayerBase.cpp">
      <Filter>ソースファイル\Player</Filter>
    </ClCompile>
    <ClCompile Include="ModelManager.cpp">
      <Filter>ソースファイル\System</Filter>
    </ClCompile>
    <ClCompile Include="Meteorite.cpp">
      <Filter>ソースファイル\Meteorite</Filter>
    </ClCompile>
    <ClCompile Include="ResultScene.cpp">
      <Filter>ソースファイル\Scene</Filter>
    </ClCompile>
    <ClCompile Include="Main.cpp">
      <Filter>ソースファイル</Filter>
    </ClCompile>
    <ClCompile Include="Camera.cpp">
      <Filter>ソースファイル</Filter>
    </ClCompile>
    <ClCompile Include="ObjectBase.cpp">
      <Filter>ソースファイル\ObjectBase</Filter>
    </ClCompile>
    <ClCompile Include="ExplosionEffect.cpp">
      <Filter>ソースファイル\Effect</Filter>
    </ClCompile>
    <ClCompile Include="Evaluation.cpp">
      <Filter>ソースファイル\UI</Filter>
    </ClCompile>
    <ClCompile Include="BackGround.cpp">
      <Filter>ソースファイル</Filter>
    </ClCompile>
    <ClCompile Include="UiManager.cpp">
      <Filter>ソースファイル\System</Filter>
    </ClCompile>
    <ClCompile Include="TimeSlow.cpp">
      <Filter>ソースファイル\System</Filter>
    </ClCompile>
    <ClCompile Include="ScoreEarn.cpp">
      <Filter>ソースファイル\System</Filter>
    </ClCompile>
    <ClCompile Include="Light.cpp">
      <Filter>ソースファイル</Filter>
    </ClCompile>
    <ClCompile Include="SoundManager.cpp">
      <Filter>ソースファイル\System</Filter>
    </ClCompile>
    <ClCompile Include="HitChecker.cpp">
      <Filter>ソースファイル\Collision</Filter>
    </ClCompile>
    <ClCompile Include="EffectManager.cpp">
      <Filter>ソースファイル\Effect</Filter>
    </ClCompile>
    <ClCompile Include="EffectBase.cpp">
      <Filter>ソースファイル\Effect</Filter>
    </ClCompile>
    <ClCompile Include="FadeManager.cpp">
      <Filter>ソースファイル\System</Filter>
    </ClCompile>
    <ClCompile Include="SceneBase.cpp">
      <Filter>ソースファイル\Scene</Filter>
    </ClCompile>
    <ClCompile Include="Field.cpp">
      <Filter>ソースファイル\Field</Filter>
    </ClCompile>
    <ClCompile Include="MeteoriteBase.cpp">
      <Filter>ソースファイル\Meteorite</Filter>
    </ClCompile>
    <ClCompile Include="ResultUi.cpp">
      <Filter>ソースファイル\UI</Filter>
    </ClCompile>
  </ItemGroup>
  <ItemGroup>
    <ClInclude Include="TitleScene.h">
      <Filter>ソースファイル\Scene</Filter>
    </ClInclude>
    <ClInclude Include="SceneBase.h">
      <Filter>ソースファイル\Scene</Filter>
    </ClInclude>
    <ClInclude Include="GameScene.h">
      <Filter>ソースファイル\Scene</Filter>
    </ClInclude>
    <ClInclude Include="Math3D.h">
      <Filter>ソースファイル\System</Filter>
    </ClInclude>
    <ClInclude Include="ModelManager.h">
      <Filter>ソースファイル\System</Filter>
    </ClInclude>
    <ClInclude Include="Player.h">
      <Filter>ソースファイル\Player</Filter>
    </ClInclude>
    <ClInclude Include="MeteoriteBase.h">
      <Filter>ソースファイル\Meteorite</Filter>
    </ClInclude>
    <ClInclude Include="Meteorite.h">
      <Filter>ソースファイル\Meteorite</Filter>
    </ClInclude>
    <ClInclude Include="PlayerBase.h">
      <Filter>ソースファイル\Player</Filter>
    </ClInclude>
    <ClInclude Include="ResultScene.h">
      <Filter>ソースファイル\Scene</Filter>
    </ClInclude>
    <ClInclude Include="Camera.h">
      <Filter>ソースファイル</Filter>
    </ClInclude>
    <ClInclude Include="PreCompiledHeader.h">
      <Filter>ソースファイル</Filter>
    </ClInclude>
    <ClInclude Include="ObjectBase.h">
      <Filter>ソースファイル\ObjectBase</Filter>
    </ClInclude>
    <ClInclude Include="ExplosionEffect.h">
      <Filter>ソースファイル\Effect</Filter>
    </ClInclude>
    <ClInclude Include="EffectBase.h">
      <Filter>ソースファイル\Effect</Filter>
    </ClInclude>
    <ClInclude Include="Evaluation.h">
      <Filter>ソースファイル\UI</Filter>
    </ClInclude>
    <ClInclude Include="BackGround.h">
      <Filter>ソースファイル</Filter>
    </ClInclude>
    <ClInclude Include="UiManager.h">
      <Filter>ソースファイル\System</Filter>
    </ClInclude>
    <ClInclude Include="TimeSlow.h">
      <Filter>ソースファイル\System</Filter>
    </ClInclude>
    <ClInclude Include="ScoreEarn.h">
      <Filter>ソースファイル\System</Filter>
    </ClInclude>
    <ClInclude Include="Light.h">
      <Filter>ソースファイル</Filter>
    </ClInclude>
    <ClInclude Include="SoundManager.h">
      <Filter>ソースファイル\System</Filter>
    </ClInclude>
    <ClInclude Include="HitChecker.h">
      <Filter>ソースファイル\Collision</Filter>
    </ClInclude>
    <ClInclude Include="EffectManager.h">
      <Filter>ソースファイル\Effect</Filter>
    </ClInclude>
    <ClInclude Include="FadeManager.h">
      <Filter>ソースファイル\System</Filter>
    </ClInclude>
    <ClInclude Include="Field.h">
      <Filter>ソースファイル\Field</Filter>
    </ClInclude>
    <ClInclude Include="ResultUi.h">
      <Filter>ソースファイル\UI</Filter>
    </ClInclude>
  </ItemGroup>
</Project>